
Microsoft Visual Studio Solution File, Format Version 12.00
# Visual Studio Version 17
VisualStudioVersion = 17.4.33110.190
MinimumVisualStudioVersion = 10.0.40219.1
Project("{FAE04EC0-301F-11D3-BF4B-00C04F79EFBC}") = "ProjetoAPI", "ProjetoAPI\ProjetoAPI.csproj", "{6882D6F6-4605-4EC5-9E75-B0EAF2227C84}"
EndProject
Global
	GlobalSection(SolutionConfigurationPlatforms) = preSolution
		Debug|Any CPU = Debug|Any CPU
		Release|Any CPU = Release|Any CPU
	EndGlobalSection
	GlobalSection(ProjectConfigurationPlatforms) = postSolution
		{6882D6F6-4605-4EC5-9E75-B0EAF2227C84}.Debug|Any CPU.ActiveCfg = Debug|Any CPU
		{6882D6F6-4605-4EC5-9E75-B0EAF2227C84}.Debug|Any CPU.Build.0 = Debug|Any CPU
		{6882D6F6-4605-4EC5-9E75-B0EAF2227C84}.Release|Any CPU.ActiveCfg = Release|Any CPU
		{6882D6F6-4605-4EC5-9E75-B0EAF2227C84}.Release|Any CPU.Build.0 = Release|Any CPU
	EndGlobalSection
	GlobalSection(SolutionProperties) = preSolution
		HideSolutionNode = FALSE
	EndGlobalSection
	GlobalSection(ExtensibilityGlobals) = postSolution
		SolutionGuid = {6DD2D8D6-39A0-44FE-83F2-0A3653AA2557}
	EndGlobalSection
EndGlobal
